// !$*UTF8*$!
{
	archiveVersion = 1;
	classes = {
	};
	objectVersion = 55;
	objects = {

/* Begin PBXBuildFile section */
		88CC659D28A1894300290515 /* GradientView.swift in Sources */ = {isa = PBXBuildFile; fileRef = 88CC659C28A1894300290515 /* GradientView.swift */; };
		88D86FA028A13729008DB548 /* AppDelegate.swift in Sources */ = {isa = PBXBuildFile; fileRef = 88D86F9F28A13729008DB548 /* AppDelegate.swift */; };
		88D86FA228A13729008DB548 /* SceneDelegate.swift in Sources */ = {isa = PBXBuildFile; fileRef = 88D86FA128A13729008DB548 /* SceneDelegate.swift */; };
		88D86FA428A13729008DB548 /* HomeViewController.swift in Sources */ = {isa = PBXBuildFile; fileRef = 88D86FA328A13729008DB548 /* HomeViewController.swift */; };
		88D86FA928A1372D008DB548 /* Assets.xcassets in Resources */ = {isa = PBXBuildFile; fileRef = 88D86FA828A1372D008DB548 /* Assets.xcassets */; };
		88D86FAC28A1372D008DB548 /* LaunchScreen.storyboard in Resources */ = {isa = PBXBuildFile; fileRef = 88D86FAA28A1372D008DB548 /* LaunchScreen.storyboard */; };
		88D86FB528A138BE008DB548 /* HomeViewController.xib in Resources */ = {isa = PBXBuildFile; fileRef = 88D86FB428A138BE008DB548 /* HomeViewController.xib */; };
		88D86FBF28A13A52008DB548 /* city_list.json in Resources */ = {isa = PBXBuildFile; fileRef = 88D86FBE28A13A52008DB548 /* city_list.json */; };
		88D86FC228A13B3A008DB548 /* ViewModel.swift in Sources */ = {isa = PBXBuildFile; fileRef = 88D86FC128A13B3A008DB548 /* ViewModel.swift */; };
		88D86FC428A13CEC008DB548 /* DefaultHomeViewModel.swift in Sources */ = {isa = PBXBuildFile; fileRef = 88D86FC328A13CEC008DB548 /* DefaultHomeViewModel.swift */; };
		88D86FC628A13CFF008DB548 /* City.swift in Sources */ = {isa = PBXBuildFile; fileRef = 88D86FC528A13CFF008DB548 /* City.swift */; };
		88D86FC828A13D35008DB548 /* CityRepository.swift in Sources */ = {isa = PBXBuildFile; fileRef = 88D86FC728A13D35008DB548 /* CityRepository.swift */; };
		88D86FCA28A1405C008DB548 /* Coordinator.swift in Sources */ = {isa = PBXBuildFile; fileRef = 88D86FC928A1405C008DB548 /* Coordinator.swift */; };
		88D86FCC28A1406E008DB548 /* ApplicationCoordinator.swift in Sources */ = {isa = PBXBuildFile; fileRef = 88D86FCB28A1406E008DB548 /* ApplicationCoordinator.swift */; };
		88D86FCF28A14272008DB548 /* CityCell.swift in Sources */ = {isa = PBXBuildFile; fileRef = 88D86FCE28A14272008DB548 /* CityCell.swift */; };
		88D86FD128A14286008DB548 /* CityCell.xib in Resources */ = {isa = PBXBuildFile; fileRef = 88D86FD028A14286008DB548 /* CityCell.xib */; };
		88D86FD328A1525B008DB548 /* SearchResultsQueue.swift in Sources */ = {isa = PBXBuildFile; fileRef = 88D86FD228A1525B008DB548 /* SearchResultsQueue.swift */; };
		88D86FD628A15331008DB548 /* HomeViewModel.swift in Sources */ = {isa = PBXBuildFile; fileRef = 88D86FD528A15331008DB548 /* HomeViewModel.swift */; };
		88D86FD928A15CB2008DB548 /* ImageLoader.swift in Sources */ = {isa = PBXBuildFile; fileRef = 88D86FD828A15CB2008DB548 /* ImageLoader.swift */; };
		88D86FDF28A15D16008DB548 /* CityDetailsViewController.swift in Sources */ = {isa = PBXBuildFile; fileRef = 88D86FDE28A15D16008DB548 /* CityDetailsViewController.swift */; };
		88D86FE128A15D24008DB548 /* CityDetailsViewController.xib in Resources */ = {isa = PBXBuildFile; fileRef = 88D86FE028A15D24008DB548 /* CityDetailsViewController.xib */; };
		88D86FE328A15E79008DB548 /* CityDetailsCoordinator.swift in Sources */ = {isa = PBXBuildFile; fileRef = 88D86FE228A15E79008DB548 /* CityDetailsCoordinator.swift */; };
		88D86FE628A16D7E008DB548 /* MKMapView.swift in Sources */ = {isa = PBXBuildFile; fileRef = 88D86FE528A16D7D008DB548 /* MKMapView.swift */; };
		88D86FE828A16D9C008DB548 /* Marker.swift in Sources */ = {isa = PBXBuildFile; fileRef = 88D86FE728A16D9C008DB548 /* Marker.swift */; };
		88D86FEB28A16DBA008DB548 /* WeatherData.swift in Sources */ = {isa = PBXBuildFile; fileRef = 88D86FEA28A16DBA008DB548 /* WeatherData.swift */; };
		88D86FED28A16DDD008DB548 /* CityDetailsViewModel.swift in Sources */ = {isa = PBXBuildFile; fileRef = 88D86FEC28A16DDD008DB548 /* CityDetailsViewModel.swift */; };
		88D86FEF28A16DED008DB548 /* DefaultCityDetailsViewModel.swift in Sources */ = {isa = PBXBuildFile; fileRef = 88D86FEE28A16DED008DB548 /* DefaultCityDetailsViewModel.swift */; };
		88D86FF128A180A8008DB548 /* Highlightable.swift in Sources */ = {isa = PBXBuildFile; fileRef = 88D86FF028A180A8008DB548 /* Highlightable.swift */; };
/* End PBXBuildFile section */

/* Begin PBXFileReference section */
		88CC659C28A1894300290515 /* GradientView.swift */ = {isa = PBXFileReference; lastKnownFileType = sourcecode.swift; path = GradientView.swift; sourceTree = "<group>"; };
		88D86F9C28A13729008DB548 /* InfoTechInterview.app */ = {isa = PBXFileReference; explicitFileType = wrapper.application; includeInIndex = 0; path = InfoTechInterview.app; sourceTree = BUILT_PRODUCTS_DIR; };
		88D86F9F28A13729008DB548 /* AppDelegate.swift */ = {isa = PBXFileReference; lastKnownFileType = sourcecode.swift; path = AppDelegate.swift; sourceTree = "<group>"; };
		88D86FA128A13729008DB548 /* SceneDelegate.swift */ = {isa = PBXFileReference; lastKnownFileType = sourcecode.swift; path = SceneDelegate.swift; sourceTree = "<group>"; };
		88D86FA328A13729008DB548 /* HomeViewController.swift */ = {isa = PBXFileReference; lastKnownFileType = sourcecode.swift; path = HomeViewController.swift; sourceTree = "<group>"; };
		88D86FA828A1372D008DB548 /* Assets.xcassets */ = {isa = PBXFileReference; lastKnownFileType = folder.assetcatalog; path = Assets.xcassets; sourceTree = "<group>"; };
		88D86FAB28A1372D008DB548 /* Base */ = {isa = PBXFileReference; lastKnownFileType = file.storyboard; name = Base; path = Base.lproj/LaunchScreen.storyboard; sourceTree = "<group>"; };
		88D86FAD28A1372D008DB548 /* Info.plist */ = {isa = PBXFileReference; lastKnownFileType = text.plist.xml; path = Info.plist; sourceTree = "<group>"; };
		88D86FB428A138BE008DB548 /* HomeViewController.xib */ = {isa = PBXFileReference; lastKnownFileType = file.xib; path = HomeViewController.xib; sourceTree = "<group>"; };
		88D86FBE28A13A52008DB548 /* city_list.json */ = {isa = PBXFileReference; fileEncoding = 4; lastKnownFileType = text.json; path = city_list.json; sourceTree = "<group>"; };
		88D86FC128A13B3A008DB548 /* ViewModel.swift */ = {isa = PBXFileReference; lastKnownFileType = sourcecode.swift; path = ViewModel.swift; sourceTree = "<group>"; };
		88D86FC328A13CEC008DB548 /* DefaultHomeViewModel.swift */ = {isa = PBXFileReference; lastKnownFileType = sourcecode.swift; path = DefaultHomeViewModel.swift; sourceTree = "<group>"; };
		88D86FC528A13CFF008DB548 /* City.swift */ = {isa = PBXFileReference; lastKnownFileType = sourcecode.swift; path = City.swift; sourceTree = "<group>"; };
		88D86FC728A13D35008DB548 /* CityRepository.swift */ = {isa = PBXFileReference; lastKnownFileType = sourcecode.swift; path = CityRepository.swift; sourceTree = "<group>"; };
		88D86FC928A1405C008DB548 /* Coordinator.swift */ = {isa = PBXFileReference; lastKnownFileType = sourcecode.swift; path = Coordinator.swift; sourceTree = "<group>"; };
		88D86FCB28A1406E008DB548 /* ApplicationCoordinator.swift */ = {isa = PBXFileReference; lastKnownFileType = sourcecode.swift; path = ApplicationCoordinator.swift; sourceTree = "<group>"; };
		88D86FCE28A14272008DB548 /* CityCell.swift */ = {isa = PBXFileReference; lastKnownFileType = sourcecode.swift; path = CityCell.swift; sourceTree = "<group>"; };
		88D86FD028A14286008DB548 /* CityCell.xib */ = {isa = PBXFileReference; lastKnownFileType = file.xib; path = CityCell.xib; sourceTree = "<group>"; };
		88D86FD228A1525B008DB548 /* SearchResultsQueue.swift */ = {isa = PBXFileReference; lastKnownFileType = sourcecode.swift; path = SearchResultsQueue.swift; sourceTree = "<group>"; };
		88D86FD528A15331008DB548 /* HomeViewModel.swift */ = {isa = PBXFileReference; lastKnownFileType = sourcecode.swift; path = HomeViewModel.swift; sourceTree = "<group>"; };
		88D86FD828A15CB2008DB548 /* ImageLoader.swift */ = {isa = PBXFileReference; lastKnownFileType = sourcecode.swift; path = ImageLoader.swift; sourceTree = "<group>"; };
		88D86FDE28A15D16008DB548 /* CityDetailsViewController.swift */ = {isa = PBXFileReference; lastKnownFileType = sourcecode.swift; path = CityDetailsViewController.swift; sourceTree = "<group>"; };
		88D86FE028A15D24008DB548 /* CityDetailsViewController.xib */ = {isa = PBXFileReference; lastKnownFileType = file.xib; path = CityDetailsViewController.xib; sourceTree = "<group>"; };
		88D86FE228A15E79008DB548 /* CityDetailsCoordinator.swift */ = {isa = PBXFileReference; lastKnownFileType = sourcecode.swift; path = CityDetailsCoordinator.swift; sourceTree = "<group>"; };
		88D86FE528A16D7D008DB548 /* MKMapView.swift */ = {isa = PBXFileReference; lastKnownFileType = sourcecode.swift; path = MKMapView.swift; sourceTree = "<group>"; };
		88D86FE728A16D9C008DB548 /* Marker.swift */ = {isa = PBXFileReference; lastKnownFileType = sourcecode.swift; path = Marker.swift; sourceTree = "<group>"; };
		88D86FEA28A16DBA008DB548 /* WeatherData.swift */ = {isa = PBXFileReference; lastKnownFileType = sourcecode.swift; path = WeatherData.swift; sourceTree = "<group>"; };
		88D86FEC28A16DDD008DB548 /* CityDetailsViewModel.swift */ = {isa = PBXFileReference; lastKnownFileType = sourcecode.swift; path = CityDetailsViewModel.swift; sourceTree = "<group>"; };
		88D86FEE28A16DED008DB548 /* DefaultCityDetailsViewModel.swift */ = {isa = PBXFileReference; lastKnownFileType = sourcecode.swift; path = DefaultCityDetailsViewModel.swift; sourceTree = "<group>"; };
		88D86FF028A180A8008DB548 /* Highlightable.swift */ = {isa = PBXFileReference; lastKnownFileType = sourcecode.swift; path = Highlightable.swift; sourceTree = "<group>"; };
/* End PBXFileReference section */

/* Begin PBXFrameworksBuildPhase section */
		88D86F9928A13729008DB548 /* Frameworks */ = {
			isa = PBXFrameworksBuildPhase;
			buildActionMask = 2147483647;
			files = (
			);
			runOnlyForDeploymentPostprocessing = 0;
		};
/* End PBXFrameworksBuildPhase section */

/* Begin PBXGroup section */
		88CC659B28A1893800290515 /* View */ = {
			isa = PBXGroup;
			children = (
				88CC659C28A1894300290515 /* GradientView.swift */,
			);
			path = View;
			sourceTree = "<group>";
		};
		88D86F9328A13729008DB548 = {
			isa = PBXGroup;
			children = (
				88D86F9E28A13729008DB548 /* InfoTechInterview */,
				88D86F9D28A13729008DB548 /* Products */,
			);
			sourceTree = "<group>";
		};
		88D86F9D28A13729008DB548 /* Products */ = {
			isa = PBXGroup;
			children = (
				88D86F9C28A13729008DB548 /* InfoTechInterview.app */,
			);
			name = Products;
			sourceTree = "<group>";
		};
		88D86F9E28A13729008DB548 /* InfoTechInterview */ = {
			isa = PBXGroup;
			children = (
				88D86FE428A16D73008DB548 /* Extension */,
				88D86FB728A13990008DB548 /* ViewController */,
				88D86FC028A13B2E008DB548 /* Protocol */,
				88D86FBA28A139EF008DB548 /* Model */,
				88CC659B28A1893800290515 /* View */,
				88D86FB328A13795008DB548 /* InfoTechInterview */,
				88D86FBD28A13A47008DB548 /* Resources */,
				88D86FAA28A1372D008DB548 /* LaunchScreen.storyboard */,
				88D86FAD28A1372D008DB548 /* Info.plist */,
			);
			path = InfoTechInterview;
			sourceTree = "<group>";
		};
		88D86FB328A13795008DB548 /* InfoTechInterview */ = {
			isa = PBXGroup;
			children = (
				88D86F9F28A13729008DB548 /* AppDelegate.swift */,
				88D86FA128A13729008DB548 /* SceneDelegate.swift */,
			);
			path = InfoTechInterview;
			sourceTree = "<group>";
		};
		88D86FB628A13962008DB548 /* HomeViewController */ = {
			isa = PBXGroup;
			children = (
				88D86FD428A1531F008DB548 /* Protocol */,
				88D86FB928A139C0008DB548 /* View */,
				88D86FB828A139A7008DB548 /* Model */,
			);
			path = HomeViewController;
			sourceTree = "<group>";
		};
		88D86FB728A13990008DB548 /* ViewController */ = {
			isa = PBXGroup;
			children = (
				88D86FDA28A15CFD008DB548 /* CityDetailsViewController */,
				88D86FB628A13962008DB548 /* HomeViewController */,
			);
			path = ViewController;
			sourceTree = "<group>";
		};
		88D86FB828A139A7008DB548 /* Model */ = {
			isa = PBXGroup;
			children = (
				88D86FC328A13CEC008DB548 /* DefaultHomeViewModel.swift */,
			);
			path = Model;
			sourceTree = "<group>";
		};
		88D86FB928A139C0008DB548 /* View */ = {
			isa = PBXGroup;
			children = (
				88D86FCD28A1426A008DB548 /* Cell */,
				88D86FA328A13729008DB548 /* HomeViewController.swift */,
				88D86FB428A138BE008DB548 /* HomeViewController.xib */,
			);
			path = View;
			sourceTree = "<group>";
		};
		88D86FBA28A139EF008DB548 /* Model */ = {
			isa = PBXGroup;
			children = (
				88D86FD728A1534A008DB548 /* City */,
				88D86FCB28A1406E008DB548 /* ApplicationCoordinator.swift */,
				88D86FD228A1525B008DB548 /* SearchResultsQueue.swift */,
				88D86FD828A15CB2008DB548 /* ImageLoader.swift */,
				88D86FE728A16D9C008DB548 /* Marker.swift */,
				88D86FEA28A16DBA008DB548 /* WeatherData.swift */,
			);
			path = Model;
			sourceTree = "<group>";
		};
		88D86FBD28A13A47008DB548 /* Resources */ = {
			isa = PBXGroup;
			children = (
				88D86FBE28A13A52008DB548 /* city_list.json */,
				88D86FA828A1372D008DB548 /* Assets.xcassets */,
			);
			path = Resources;
			sourceTree = "<group>";
		};
		88D86FC028A13B2E008DB548 /* Protocol */ = {
			isa = PBXGroup;
			children = (
				88D86FC128A13B3A008DB548 /* ViewModel.swift */,
				88D86FC928A1405C008DB548 /* Coordinator.swift */,
				88D86FF028A180A8008DB548 /* Highlightable.swift */,
			);
			path = Protocol;
			sourceTree = "<group>";
		};
		88D86FCD28A1426A008DB548 /* Cell */ = {
			isa = PBXGroup;
			children = (
				88D86FCE28A14272008DB548 /* CityCell.swift */,
				88D86FD028A14286008DB548 /* CityCell.xib */,
			);
			path = Cell;
			sourceTree = "<group>";
		};
		88D86FD428A1531F008DB548 /* Protocol */ = {
			isa = PBXGroup;
			children = (
				88D86FD528A15331008DB548 /* HomeViewModel.swift */,
			);
			path = Protocol;
			sourceTree = "<group>";
		};
		88D86FD728A1534A008DB548 /* City */ = {
			isa = PBXGroup;
			children = (
				88D86FC528A13CFF008DB548 /* City.swift */,
				88D86FC728A13D35008DB548 /* CityRepository.swift */,
			);
			path = City;
			sourceTree = "<group>";
		};
		88D86FDA28A15CFD008DB548 /* CityDetailsViewController */ = {
			isa = PBXGroup;
			children = (
				88D86FDD28A15D0F008DB548 /* Protocol */,
				88D86FDC28A15D0A008DB548 /* Model */,
				88D86FDB28A15D06008DB548 /* View */,
			);
			path = CityDetailsViewController;
			sourceTree = "<group>";
		};
		88D86FDB28A15D06008DB548 /* View */ = {
			isa = PBXGroup;
			children = (
				88D86FDE28A15D16008DB548 /* CityDetailsViewController.swift */,
				88D86FE028A15D24008DB548 /* CityDetailsViewController.xib */,
			);
			path = View;
			sourceTree = "<group>";
		};
		88D86FDC28A15D0A008DB548 /* Model */ = {
			isa = PBXGroup;
			children = (
				88D86FE228A15E79008DB548 /* CityDetailsCoordinator.swift */,
				88D86FEE28A16DED008DB548 /* DefaultCityDetailsViewModel.swift */,
			);
			path = Model;
			sourceTree = "<group>";
		};
		88D86FDD28A15D0F008DB548 /* Protocol */ = {
			isa = PBXGroup;
			children = (
				88D86FEC28A16DDD008DB548 /* CityDetailsViewModel.swift */,
			);
			path = Protocol;
			sourceTree = "<group>";
		};
		88D86FE428A16D73008DB548 /* Extension */ = {
			isa = PBXGroup;
			children = (
				88D86FE528A16D7D008DB548 /* MKMapView.swift */,
			);
			path = Extension;
			sourceTree = "<group>";
		};
/* End PBXGroup section */

/* Begin PBXNativeTarget section */
		88D86F9B28A13729008DB548 /* InfoTechInterview */ = {
			isa = PBXNativeTarget;
			buildConfigurationList = 88D86FB028A1372D008DB548 /* Build configuration list for PBXNativeTarget "InfoTechInterview" */;
			buildPhases = (
				88D86F9828A13729008DB548 /* Sources */,
				88D86F9928A13729008DB548 /* Frameworks */,
				88D86F9A28A13729008DB548 /* Resources */,
			);
			buildRules = (
			);
			dependencies = (
			);
			name = InfoTechInterview;
			productName = InfoTechInterview;
			productReference = 88D86F9C28A13729008DB548 /* InfoTechInterview.app */;
			productType = "com.apple.product-type.application";
		};
/* End PBXNativeTarget section */

/* Begin PBXProject section */
		88D86F9428A13729008DB548 /* Project object */ = {
			isa = PBXProject;
			attributes = {
				BuildIndependentTargetsInParallel = 1;
				LastSwiftUpdateCheck = 1340;
				LastUpgradeCheck = 1340;
				TargetAttributes = {
					88D86F9B28A13729008DB548 = {
						CreatedOnToolsVersion = 13.4.1;
					};
				};
			};
			buildConfigurationList = 88D86F9728A13729008DB548 /* Build configuration list for PBXProject "InfoTechInterview" */;
			compatibilityVersion = "Xcode 13.0";
			developmentRegion = en;
			hasScannedForEncodings = 0;
			knownRegions = (
				en,
				Base,
			);
			mainGroup = 88D86F9328A13729008DB548;
			productRefGroup = 88D86F9D28A13729008DB548 /* Products */;
			projectDirPath = "";
			projectRoot = "";
			targets = (
				88D86F9B28A13729008DB548 /* InfoTechInterview */,
			);
		};
/* End PBXProject section */

/* Begin PBXResourcesBuildPhase section */
		88D86F9A28A13729008DB548 /* Resources */ = {
			isa = PBXResourcesBuildPhase;
			buildActionMask = 2147483647;
			files = (
				88D86FAC28A1372D008DB548 /* LaunchScreen.storyboard in Resources */,
				88D86FD128A14286008DB548 /* CityCell.xib in Resources */,
				88D86FA928A1372D008DB548 /* Assets.xcassets in Resources */,
				88D86FBF28A13A52008DB548 /* city_list.json in Resources */,
				88D86FE128A15D24008DB548 /* CityDetailsViewController.xib in Resources */,
				88D86FB528A138BE008DB548 /* HomeViewController.xib in Resources */,
			);
			runOnlyForDeploymentPostprocessing = 0;
		};
/* End PBXResourcesBuildPhase section */

/* Begin PBXSourcesBuildPhase section */
		88D86F9828A13729008DB548 /* Sources */ = {
			isa = PBXSourcesBuildPhase;
			buildActionMask = 2147483647;
			files = (
				88D86FCA28A1405C008DB548 /* Coordinator.swift in Sources */,
				88D86FA428A13729008DB548 /* HomeViewController.swift in Sources */,
				88CC659D28A1894300290515 /* GradientView.swift in Sources */,
				88D86FD328A1525B008DB548 /* SearchResultsQueue.swift in Sources */,
				88D86FCF28A14272008DB548 /* CityCell.swift in Sources */,
				88D86FA028A13729008DB548 /* AppDelegate.swift in Sources */,
				88D86FE828A16D9C008DB548 /* Marker.swift in Sources */,
				88D86FC628A13CFF008DB548 /* City.swift in Sources */,
				88D86FC228A13B3A008DB548 /* ViewModel.swift in Sources */,
				88D86FD628A15331008DB548 /* HomeViewModel.swift in Sources */,
				88D86FCC28A1406E008DB548 /* ApplicationCoordinator.swift in Sources */,
				88D86FC428A13CEC008DB548 /* DefaultHomeViewModel.swift in Sources */,
				88D86FF128A180A8008DB548 /* Highlightable.swift in Sources */,
				88D86FDF28A15D16008DB548 /* CityDetailsViewController.swift in Sources */,
				88D86FE628A16D7E008DB548 /* MKMapView.swift in Sources */,
				88D86FE328A15E79008DB548 /* CityDetailsCoordinator.swift in Sources */,
				88D86FED28A16DDD008DB548 /* CityDetailsViewModel.swift in Sources */,
				88D86FA228A13729008DB548 /* SceneDelegate.swift in Sources */,
				88D86FEF28A16DED008DB548 /* DefaultCityDetailsViewModel.swift in Sources */,
				88D86FC828A13D35008DB548 /* CityRepository.swift in Sources */,
				88D86FEB28A16DBA008DB548 /* WeatherData.swift in Sources */,
				88D86FD928A15CB2008DB548 /* ImageLoader.swift in Sources */,
			);
			runOnlyForDeploymentPostprocessing = 0;
		};
/* End PBXSourcesBuildPhase section */

/* Begin PBXVariantGroup section */
		88D86FAA28A1372D008DB548 /* LaunchScreen.storyboard */ = {
			isa = PBXVariantGroup;
			children = (
				88D86FAB28A1372D008DB548 /* Base */,
			);
			name = LaunchScreen.storyboard;
			sourceTree = "<group>";
		};
/* End PBXVariantGroup section */

/* Begin XCBuildConfiguration section */
		88D86FAE28A1372D008DB548 /* Debug */ = {
			isa = XCBuildConfiguration;
			buildSettings = {
				ALWAYS_SEARCH_USER_PATHS = NO;
				CLANG_ANALYZER_NONNULL = YES;
				CLANG_ANALYZER_NUMBER_OBJECT_CONVERSION = YES_AGGRESSIVE;
				CLANG_CXX_LANGUAGE_STANDARD = "gnu++17";
				CLANG_ENABLE_MODULES = YES;
				CLANG_ENABLE_OBJC_ARC = YES;
				CLANG_ENABLE_OBJC_WEAK = YES;
				CLANG_WARN_BLOCK_CAPTURE_AUTORELEASING = YES;
				CLANG_WARN_BOOL_CONVERSION = YES;
				CLANG_WARN_COMMA = YES;
				CLANG_WARN_CONSTANT_CONVERSION = YES;
				CLANG_WARN_DEPRECATED_OBJC_IMPLEMENTATIONS = YES;
				CLANG_WARN_DIRECT_OBJC_ISA_USAGE = YES_ERROR;
				CLANG_WARN_DOCUMENTATION_COMMENTS = YES;
				CLANG_WARN_EMPTY_BODY = YES;
				CLANG_WARN_ENUM_CONVERSION = YES;
				CLANG_WARN_INFINITE_RECURSION = YES;
				CLANG_WARN_INT_CONVERSION = YES;
				CLANG_WARN_NON_LITERAL_NULL_CONVERSION = YES;
				CLANG_WARN_OBJC_IMPLICIT_RETAIN_SELF = YES;
				CLANG_WARN_OBJC_LITERAL_CONVERSION = YES;
				CLANG_WARN_OBJC_ROOT_CLASS = YES_ERROR;
				CLANG_WARN_QUOTED_INCLUDE_IN_FRAMEWORK_HEADER = YES;
				CLANG_WARN_RANGE_LOOP_ANALYSIS = YES;
				CLANG_WARN_STRICT_PROTOTYPES = YES;
				CLANG_WARN_SUSPICIOUS_MOVE = YES;
				CLANG_WARN_UNGUARDED_AVAILABILITY = YES_AGGRESSIVE;
				CLANG_WARN_UNREACHABLE_CODE = YES;
				CLANG_WARN__DUPLICATE_METHOD_MATCH = YES;
				COPY_PHASE_STRIP = NO;
				DEBUG_INFORMATION_FORMAT = dwarf;
				ENABLE_STRICT_OBJC_MSGSEND = YES;
				ENABLE_TESTABILITY = YES;
				GCC_C_LANGUAGE_STANDARD = gnu11;
				GCC_DYNAMIC_NO_PIC = NO;
				GCC_NO_COMMON_BLOCKS = YES;
				GCC_OPTIMIZATION_LEVEL = 0;
				GCC_PREPROCESSOR_DEFINITIONS = (
					"DEBUG=1",
					"$(inherited)",
				);
				GCC_WARN_64_TO_32_BIT_CONVERSION = YES;
				GCC_WARN_ABOUT_RETURN_TYPE = YES_ERROR;
				GCC_WARN_UNDECLARED_SELECTOR = YES;
				GCC_WARN_UNINITIALIZED_AUTOS = YES_AGGRESSIVE;
				GCC_WARN_UNUSED_FUNCTION = YES;
				GCC_WARN_UNUSED_VARIABLE = YES;
				IPHONEOS_DEPLOYMENT_TARGET = 15.5;
				MTL_ENABLE_DEBUG_INFO = INCLUDE_SOURCE;
				MTL_FAST_MATH = YES;
				ONLY_ACTIVE_ARCH = YES;
				SDKROOT = iphoneos;
				SWIFT_ACTIVE_COMPILATION_CONDITIONS = DEBUG;
				SWIFT_OPTIMIZATION_LEVEL = "-Onone";
			};
			name = Debug;
		};
		88D86FAF28A1372D008DB548 /* Release */ = {
			isa = XCBuildConfiguration;
			buildSettings = {
				ALWAYS_SEARCH_USER_PATHS = NO;
				CLANG_ANALYZER_NONNULL = YES;
				CLANG_ANALYZER_NUMBER_OBJECT_CONVERSION = YES_AGGRESSIVE;
				CLANG_CXX_LANGUAGE_STANDARD = "gnu++17";
				CLANG_ENABLE_MODULES = YES;
				CLANG_ENABLE_OBJC_ARC = YES;
				CLANG_ENABLE_OBJC_WEAK = YES;
				CLANG_WARN_BLOCK_CAPTURE_AUTORELEASING = YES;
				CLANG_WARN_BOOL_CONVERSION = YES;
				CLANG_WARN_COMMA = YES;
				CLANG_WARN_CONSTANT_CONVERSION = YES;
				CLANG_WARN_DEPRECATED_OBJC_IMPLEMENTATIONS = YES;
				CLANG_WARN_DIRECT_OBJC_ISA_USAGE = YES_ERROR;
				CLANG_WARN_DOCUMENTATION_COMMENTS = YES;
				CLANG_WARN_EMPTY_BODY = YES;
				CLANG_WARN_ENUM_CONVERSION = YES;
				CLANG_WARN_INFINITE_RECURSION = YES;
				CLANG_WARN_INT_CONVERSION = YES;
				CLANG_WARN_NON_LITERAL_NULL_CONVERSION = YES;
				CLANG_WARN_OBJC_IMPLICIT_RETAIN_SELF = YES;
				CLANG_WARN_OBJC_LITERAL_CONVERSION = YES;
				CLANG_WARN_OBJC_ROOT_CLASS = YES_ERROR;
				CLANG_WARN_QUOTED_INCLUDE_IN_FRAMEWORK_HEADER = YES;
				CLANG_WARN_RANGE_LOOP_ANALYSIS = YES;
				CLANG_WARN_STRICT_PROTOTYPES = YES;
				CLANG_WARN_SUSPICIOUS_MOVE = YES;
				CLANG_WARN_UNGUARDED_AVAILABILITY = YES_AGGRESSIVE;
				CLANG_WARN_UNREACHABLE_CODE = YES;
				CLANG_WARN__DUPLICATE_METHOD_MATCH = YES;
				COPY_PHASE_STRIP = NO;
				DEBUG_INFORMATION_FORMAT = "dwarf-with-dsym";
				ENABLE_NS_ASSERTIONS = NO;
				ENABLE_STRICT_OBJC_MSGSEND = YES;
				GCC_C_LANGUAGE_STANDARD = gnu11;
				GCC_NO_COMMON_BLOCKS = YES;
				GCC_WARN_64_TO_32_BIT_CONVERSION = YES;
				GCC_WARN_ABOUT_RETURN_TYPE = YES_ERROR;
				GCC_WARN_UNDECLARED_SELECTOR = YES;
				GCC_WARN_UNINITIALIZED_AUTOS = YES_AGGRESSIVE;
				GCC_WARN_UNUSED_FUNCTION = YES;
				GCC_WARN_UNUSED_VARIABLE = YES;
				IPHONEOS_DEPLOYMENT_TARGET = 15.5;
				MTL_ENABLE_DEBUG_INFO = NO;
				MTL_FAST_MATH = YES;
				SDKROOT = iphoneos;
				SWIFT_COMPILATION_MODE = wholemodule;
				SWIFT_OPTIMIZATION_LEVEL = "-O";
				VALIDATE_PRODUCT = YES;
			};
			name = Release;
		};
		88D86FB128A1372D008DB548 /* Debug */ = {
			isa = XCBuildConfiguration;
			buildSettings = {
				ASSETCATALOG_COMPILER_APPICON_NAME = AppIcon;
				ASSETCATALOG_COMPILER_GLOBAL_ACCENT_COLOR_NAME = AccentColor;
				CODE_SIGN_STYLE = Automatic;
				CURRENT_PROJECT_VERSION = 1;
				DEVELOPMENT_TEAM = 87N7QPTHS6;
				GENERATE_INFOPLIST_FILE = YES;
				INFOPLIST_FILE = InfoTechInterview/Info.plist;
				INFOPLIST_KEY_UIApplicationSupportsIndirectInputEvents = YES;
				INFOPLIST_KEY_UILaunchStoryboardName = LaunchScreen;
				INFOPLIST_KEY_UISupportedInterfaceOrientations = UIInterfaceOrientationPortrait;
				INFOPLIST_KEY_UISupportedInterfaceOrientations_iPad = "UIInterfaceOrientationPortrait UIInterfaceOrientationPortraitUpsideDown UIInterfaceOrientationLandscapeLeft UIInterfaceOrientationLandscapeRight";
				INFOPLIST_KEY_UISupportedInterfaceOrientations_iPhone = "UIInterfaceOrientationPortrait UIInterfaceOrientationLandscapeLeft UIInterfaceOrientationLandscapeRight";
				IPHONEOS_DEPLOYMENT_TARGET = 13.0;
				LD_RUNPATH_SEARCH_PATHS = (
					"$(inherited)",
					"@executable_path/Frameworks",
				);
				MARKETING_VERSION = 1.0;
				PRODUCT_BUNDLE_IDENTIFIER = com.beaxhem.InfoTechInterview;
				PRODUCT_NAME = "$(TARGET_NAME)";
				SWIFT_EMIT_LOC_STRINGS = YES;
				SWIFT_VERSION = 5.0;
				TARGETED_DEVICE_FAMILY = 1;
			};
			name = Debug;
		};
		88D86FB228A1372D008DB548 /* Release */ = {
			isa = XCBuildConfiguration;
			buildSettings = {
				ASSETCATALOG_COMPILER_APPICON_NAME = AppIcon;
				ASSETCATALOG_COMPILER_GLOBAL_ACCENT_COLOR_NAME = AccentColor;
				CODE_SIGN_STYLE = Automatic;
				CURRENT_PROJECT_VERSION = 1;
				DEVELOPMENT_TEAM = 87N7QPTHS6;
				GENERATE_INFOPLIST_FILE = YES;
				INFOPLIST_FILE = InfoTechInterview/Info.plist;
				INFOPLIST_KEY_UIApplicationSupportsIndirectInputEvents = YES;
				INFOPLIST_KEY_UILaunchStoryboardName = LaunchScreen;
				INFOPLIST_KEY_UISupportedInterfaceOrientations = UIInterfaceOrientationPortrait;
				INFOPLIST_KEY_UISupportedInterfaceOrientations_iPad = "UIInterfaceOrientationPortrait UIInterfaceOrientationPortraitUpsideDown UIInterfaceOrientationLandscapeLeft UIInterfaceOrientationLandscapeRight";
				INFOPLIST_KEY_UISupportedInterfaceOrientations_iPhone = "UIInterfaceOrientationPortrait UIInterfaceOrientationLandscapeLeft UIInterfaceOrientationLandscapeRight";
				IPHONEOS_DEPLOYMENT_TARGET = 13.0;
				LD_RUNPATH_SEARCH_PATHS = (
					"$(inherited)",
					"@executable_path/Frameworks",
				);
				MARKETING_VERSION = 1.0;
				PRODUCT_BUNDLE_IDENTIFIER = com.beaxhem.InfoTechInterview;
				PRODUCT_NAME = "$(TARGET_NAME)";
				SWIFT_EMIT_LOC_STRINGS = YES;
				SWIFT_VERSION = 5.0;
				TARGETED_DEVICE_FAMILY = 1;
			};
			name = Release;
		};
/* End XCBuildConfiguration section */

/* Begin XCConfigurationList section */
		88D86F9728A13729008DB548 /* Build configuration list for PBXProject "InfoTechInterview" */ = {
			isa = XCConfigurationList;
			buildConfigurations = (
				88D86FAE28A1372D008DB548 /* Debug */,
				88D86FAF28A1372D008DB548 /* Release */,
			);
			defaultConfigurationIsVisible = 0;
			defaultConfigurationName = Release;
		};
		88D86FB028A1372D008DB548 /* Build configuration list for PBXNativeTarget "InfoTechInterview" */ = {
			isa = XCConfigurationList;
			buildConfigurations = (
				88D86FB128A1372D008DB548 /* Debug */,
				88D86FB228A1372D008DB548 /* Release */,
			);
			defaultConfigurationIsVisible = 0;
			defaultConfigurationName = Release;
		};
/* End XCConfigurationList section */
	};
	rootObject = 88D86F9428A13729008DB548 /* Project object */;
}
